
Microsoft Visual Studio Solution File, Format Version 12.00
# Visual Studio Version 16
VisualStudioVersion = 16.0.30907.101
MinimumVisualStudioVersion = 10.0.40219.1
Project("{FAE04EC0-301F-11D3-BF4B-00C04F79EFBC}") = "BlazorInputFile", "BlazorInputFile\BlazorInputFile.csproj", "{65350240-EB21-47A4-AF76-B0E563D1F3EC}"
EndProject
Global
	GlobalSection(SolutionConfigurationPlatforms) = preSolution
		Debug|Any CPU = Debug|Any CPU
		Release|Any CPU = Release|Any CPU
	EndGlobalSection
	GlobalSection(ProjectConfigurationPlatforms) = postSolution
		{65350240-EB21-47A4-AF76-B0E563D1F3EC}.Debug|Any CPU.ActiveCfg = Debug|Any CPU
		{65350240-EB21-47A4-AF76-B0E563D1F3EC}.Debug|Any CPU.Build.0 = Debug|Any CPU
		{65350240-EB21-47A4-AF76-B0E563D1F3EC}.Release|Any CPU.ActiveCfg = Release|Any CPU
		{65350240-EB21-47A4-AF76-B0E563D1F3EC}.Release|Any CPU.Build.0 = Release|Any CPU
	EndGlobalSection
	GlobalSection(SolutionProperties) = preSolution
		HideSolutionNode = FALSE
	EndGlobalSection
	GlobalSection(ExtensibilityGlobals) = postSolution
		SolutionGuid = {1974D6C3-BC04-4C3A-9BC6-43B17070206F}
	EndGlobalSection
EndGlobal
